
Microsoft Visual Studio Solution File, Format Version 12.00
# Visual Studio Version 16
VisualStudioVersion = 16.0.29519.87
MinimumVisualStudioVersion = 10.0.40219.1
Project("{FAE04EC0-301F-11D3-BF4B-00C04F79EFBC}") = "Lesson10Task1", "Lesson10Task1\Lesson10Task1.csproj", "{3481C378-D1FA-442C-B645-FC99FFD1CB22}"
EndProject
Global
	GlobalSection(SolutionConfigurationPlatforms) = preSolution
		Debug|Any CPU = Debug|Any CPU
		Release|Any CPU = Release|Any CPU
	EndGlobalSection
	GlobalSection(ProjectConfigurationPlatforms) = postSolution
		{3481C378-D1FA-442C-B645-FC99FFD1CB22}.Debug|Any CPU.ActiveCfg = Debug|Any CPU
		{3481C378-D1FA-442C-B645-FC99FFD1CB22}.Debug|Any CPU.Build.0 = Debug|Any CPU
		{3481C378-D1FA-442C-B645-FC99FFD1CB22}.Release|Any CPU.ActiveCfg = Release|Any CPU
		{3481C378-D1FA-442C-B645-FC99FFD1CB22}.Release|Any CPU.Build.0 = Release|Any CPU
	EndGlobalSection
	GlobalSection(SolutionProperties) = preSolution
		HideSolutionNode = FALSE
	EndGlobalSection
	GlobalSection(ExtensibilityGlobals) = postSolution
		SolutionGuid = {2AF5BADE-68AE-47A6-A99B-D4251C293B3A}
	EndGlobalSection
EndGlobal
